
Microsoft Visual Studio Solution File, Format Version 11.00
# Visual Studio 2010
Project("{8BC9CEB8-8B4A-11D0-8D11-00A0C91BC942}") = "VelvetPlayer", "VelvetPlayer.vcxproj", "{584F77D4-DE24-4CF4-9FB8-5701F50B0EE5}"
EndProject
Global
	GlobalSection(SolutionConfigurationPlatforms) = preSolution
		Debug|Win32 = Debug|Win32
		Release|Win32 = Release|Win32
	EndGlobalSection
	GlobalSection(ProjectConfigurationPlatforms) = postSolution
		{584F77D4-DE24-4CF4-9FB8-5701F50B0EE5}.Debug|Win32.ActiveCfg = Debug|Win32
		{584F77D4-DE24-4CF4-9FB8-5701F50B0EE5}.Debug|Win32.Build.0 = Debug|Win32
		{584F77D4-DE24-4CF4-9FB8-5701F50B0EE5}.Release|Win32.ActiveCfg = Release|Win32
		{584F77D4-DE24-4CF4-9FB8-5701F50B0EE5}.Release|Win32.Build.0 = Release|Win32
	EndGlobalSection
	GlobalSection(SolutionProperties) = preSolution
		HideSolutionNode = FALSE
	EndGlobalSection
EndGlobal
